
Microsoft Visual Studio Solution File, Format Version 12.00
# Visual Studio Version 17
VisualStudioVersion = 17.9.34607.119
MinimumVisualStudioVersion = 10.0.40219.1
Project("{8BC9CEB8-8B4A-11D0-8D11-00A0C91BC942}") = "NtpProject", "NtpProject\NtpProject.vcxproj", "{901D340E-A097-4F30-8DFA-07E14D7124CA}"
EndProject
Global
	GlobalSection(SolutionConfigurationPlatforms) = preSolution
		Debug|x64 = Debug|x64
		Debug|x86 = Debug|x86
		Release|x64 = Release|x64
		Release|x86 = Release|x86
	EndGlobalSection
	GlobalSection(ProjectConfigurationPlatforms) = postSolution
		{901D340E-A097-4F30-8DFA-07E14D7124CA}.Debug|x64.ActiveCfg = Debug|x64
		{901D340E-A097-4F30-8DFA-07E14D7124CA}.Debug|x64.Build.0 = Debug|x64
		{901D340E-A097-4F30-8DFA-07E14D7124CA}.Debug|x86.ActiveCfg = Debug|Win32
		{901D340E-A097-4F30-8DFA-07E14D7124CA}.Debug|x86.Build.0 = Debug|Win32
		{901D340E-A097-4F30-8DFA-07E14D7124CA}.Release|x64.ActiveCfg = Release|x64
		{901D340E-A097-4F30-8DFA-07E14D7124CA}.Release|x64.Build.0 = Release|x64
		{901D340E-A097-4F30-8DFA-07E14D7124CA}.Release|x86.ActiveCfg = Release|Win32
		{901D340E-A097-4F30-8DFA-07E14D7124CA}.Release|x86.Build.0 = Release|Win32
	EndGlobalSection
	GlobalSection(SolutionProperties) = preSolution
		HideSolutionNode = FALSE
	EndGlobalSection
	GlobalSection(ExtensibilityGlobals) = postSolution
		SolutionGuid = {3A5C78CF-7CCC-4207-B732-6AADB3030334}
	EndGlobalSection
EndGlobal
